# This file is @generated by PDM.
# It is not intended for manual editing.

[metadata]
groups = ["default", "dev"]
strategy = ["inherit_metadata"]
lock_version = "4.5.0"
content_hash = "sha256:1405329712be284f70dffb75354e3f9f9b9b7df386a057c3b71db64711c91e43"

[[metadata.targets]]
requires_python = ">=3.12,<3.15"

[[package]]
name = "beautifulsoup4"
version = "4.14.3"
requires_python = ">=3.7.0"
summary = "Screen-scraping library"
groups = ["default"]
dependencies = [
    "soupsieve>=1.6.1",
    "typing-extensions>=4.0.0",
]
files = [
    {file = "beautifulsoup4-4.14.3-py3-none-any.whl", hash = "sha256:0918bfe44902e6ad8d57732ba310582e98da931428d231a5ecb9e7c703a735bb"},
    {file = "beautifulsoup4-4.14.3.tar.gz", hash = "sha256:6292b1c5186d356bba669ef9f7f051757099565ad9ada5dd630bd9de5fa7fb86"},
]

[[package]]
name = "coverage"
version = "7.13.4"
requires_python = ">=3.10"
summary = "Code coverage measurement for Python"
groups = ["dev"]
files = [
    {file = "coverage-7.13.4-cp312-cp312-macosx_10_13_x86_64.whl", hash = "sha256:02231499b08dabbe2b96612993e5fc34217cdae907a51b906ac7fca8027a4459"},
    {file = "coverage-7.13.4-cp312-cp312-macosx_11_0_arm64.whl", hash = "sha256:40aa8808140e55dc022b15d8aa7f651b6b3d68b365ea0398f1441e0b04d859c3"},
    {file = "coverage-7.13.4-cp312-cp312-manylinux1_i686.manylinux_2_28_i686.manylinux_2_5_i686.whl", hash = "sha256:5b856a8ccf749480024ff3bd7310adaef57bf31fd17e1bfc404b7940b6986634"},
    {file = "coverage-7.13.4-cp312-cp312-manylinux1_x86_64.manylinux_2_28_x86_64.manylinux_2_5_x86_64.whl", hash = "sha256:2c048ea43875fbf8b45d476ad79f179809c590ec7b79e2035c662e7afa3192e3"},
    {file = "coverage-7.13.4-cp312-cp312-manylinux2014_aarch64.manylinux_2_17_aarch64.manylinux_2_28_aarch64.whl", hash = "sha256:b7b38448866e83176e28086674fe7368ab8590e4610fb662b44e345b86d63ffa"},
    {file = "coverage-7.13.4-cp312-cp312-manylinux2014_ppc64le.manylinux_2_17_ppc64le.manylinux_2_28_ppc64le.whl", hash = "sha256:de6defc1c9badbf8b9e67ae90fd00519186d6ab64e5cc5f3d21359c2a9b2c1d3"},
    {file = "coverage-7.13.4-cp312-cp312-manylinux_2_31_riscv64.manylinux_2_39_riscv64.whl", hash = "sha256:7eda778067ad7ffccd23ecffce537dface96212576a07924cbf0d8799d2ded5a"},
    {file = "coverage-7.13.4-cp312-cp312-musllinux_1_2_aarch64.whl", hash = "sha256:e87f6c587c3f34356c3759f0420693e35e7eb0e2e41e4c011cb6ec6ecbbf1db7"},
    {file = "coverage-7.13.4-cp312-cp312-musllinux_1_2_i686.whl", hash = "sha256:8248977c2e33aecb2ced42fef99f2d319e9904a36e55a8a68b69207fb7e43edc"},
    {file = "coverage-7.13.4-cp312-cp312-musllinux_1_2_ppc64le.whl", hash = "sha256:25381386e80ae727608e662474db537d4df1ecd42379b5ba33c84633a2b36d47"},
    {file = "coverage-7.13.4-cp312-cp312-musllinux_1_2_riscv64.whl", hash = "sha256:ee756f00726693e5ba94d6df2bdfd64d4852d23b09bb0bc700e3b30e6f333985"},
    {file = "coverage-7.13.4-cp312-cp312-musllinux_1_2_x86_64.whl", hash = "sha256:fdfc1e28e7c7cdce44985b3043bc13bbd9c747520f94a4d7164af8260b3d91f0"},
    {file = "coverage-7.13.4-cp312-cp312-win32.whl", hash = "sha256:01d4cbc3c283a17fc1e42d614a119f7f438eabb593391283adca8dc86eff1246"},
    {file = "coverage-7.13.4-cp312-cp312-win_amd64.whl", hash = "sha256:9401ebc7ef522f01d01d45532c68c5ac40fb27113019b6b7d8b208f6e9baa126"},
    {file = "coverage-7.13.4-cp312-cp312-win_arm64.whl", hash = "sha256:b1ec7b6b6e93255f952e27ab58fbc68dcc468844b16ecbee881aeb29b6ab4d8d"},
    {file = "coverage-7.13.4-cp313-cp313-macosx_10_13_x86_64.whl", hash = "sha256:b66a2da594b6068b48b2692f043f35d4d3693fb639d5ea8b39533c2ad9ac3ab9"},
    {file = "coverage-7.13.4-cp313-cp313-macosx_11_0_arm64.whl", hash = "sha256:3599eb3992d814d23b35c536c28df1a882caa950f8f507cef23d1cbf334995ac"},
    {file = "coverage-7.13.4-cp313-cp313-manylinux1_i686.manylinux_2_28_i686.manylinux_2_5_i686.whl", hash = "sha256:93550784d9281e374fb5a12bf1324cc8a963fd63b2d2f223503ef0fd4aa339ea"},
    {file = "coverage-7.13.4-cp313-cp313-manylinux1_x86_64.manylinux_2_28_x86_64.manylinux_2_5_x86_64.whl", hash = "sha256:b720ce6a88a2755f7c697c23268ddc47a571b88052e6b155224347389fdf6a3b"},
    {file = "coverage-7.13.4-cp313-cp313-manylinux2014_aarch64.manylinux_2_17_aarch64.manylinux_2_28_aarch64.whl", hash = "sha256:7b322db1284a2ed3aa28ffd8ebe3db91c929b7a333c0820abec3d838ef5b3525"},
    {file = "coverage-7.13.4-cp313-cp313-manylinux2014_ppc64le.manylinux_2_17_ppc64le.manylinux_2_28_ppc64le.whl", hash = "sha256:f4594c67d8a7c89cf922d9df0438c7c7bb022ad506eddb0fdb2863359ff78242"},
    {file = "coverage-7.13.4-cp313-cp313-manylinux_2_31_riscv64.manylinux_2_39_riscv64.whl", hash = "sha256:53d133df809c743eb8bce33b24bcababb371f4441340578cd406e084d94a6148"},
    {file = "coverage-7.13.4-cp313-cp313-musllinux_1_2_aarch64.whl", hash = "sha256:76451d1978b95ba6507a039090ba076105c87cc76fc3efd5d35d72093964d49a"},
    {file = "coverage-7.13.4-cp313-cp313-musllinux_1_2_i686.whl", hash = "sha256:7f57b33491e281e962021de110b451ab8a24182589be17e12a22c79047935e23"},
    {file = "coverage-7.13.4-cp313-cp313-musllinux_1_2_ppc64le.whl", hash = "sha256:1731dc33dc276dafc410a885cbf5992f1ff171393e48a21453b78727d090de80"},
    {file = "coverage-7.13.4-cp313-cp313-musllinux_1_2_riscv64.whl", hash = "sha256:bd60d4fe2f6fa7dff9223ca1bbc9f05d2b6697bc5961072e5d3b952d46e1b1ea"},
    {file = "coverage-7.13.4-cp313-cp313-musllinux_1_2_x86_64.whl", hash = "sha256:9181a3ccead280b828fae232df12b16652702b49d41e99d657f46cc7b1f6ec7a"},
    {file = "coverage-7.13.4-cp313-cp313-win32.whl", hash = "sha256:f53d492307962561ac7de4cd1de3e363589b000ab69617c6156a16ba7237998d"},
    {file = "coverage-7.13.4-cp313-cp313-win_amd64.whl", hash = "sha256:e6f70dec1cc557e52df5306d051ef56003f74d56e9c4dd7ddb07e07ef32a84dd"},
    {file = "coverage-7.13.4-cp313-cp313-win_arm64.whl", hash = "sha256:fb07dc5da7e849e2ad31a5d74e9bece81f30ecf5a42909d0a695f8bd1874d6af"},
    {file = "coverage-7.13.4-cp313-cp313t-macosx_10_13_x86_64.whl", hash = "sha256:40d74da8e6c4b9ac18b15331c4b5ebc35a17069410cad462ad4f40dcd2d50c0d"},
    {file = "coverage-7.13.4-cp313-cp313t-macosx_11_0_arm64.whl", hash = "sha256:4223b4230a376138939a9173f1bdd6521994f2aff8047fae100d6d94d50c5a12"},
    {file = "coverage-7.13.4-cp313-cp313t-manylinux1_i686.manylinux_2_28_i686.manylinux_2_5_i686.whl", hash = "sha256:1d4be36a5114c499f9f1f9195e95ebf979460dbe2d88e6816ea202010ba1c34b"},
    {file = "coverage-7.13.4-cp313-cp313t-manylinux1_x86_64.manylinux_2_28_x86_64.manylinux_2_5_x86_64.whl", hash = "sha256:200dea7d1e8095cc6e98cdabe3fd1d21ab17d3cee6dab00cadbb2fe35d9c15b9"},
    {file = "coverage-7.13.4-cp313-cp313t-manylinux2014_aarch64.manylinux_2_17_aarch64.manylinux_2_28_aarch64.whl", hash = "sha256:b8eb931ee8e6d8243e253e5ed7336deea6904369d2fd8ae6e43f68abbf167092"},
    {file = "coverage-7.13.4-cp313-cp313t-manylinux2014_ppc64le.manylinux_2_17_ppc64le.manylinux_2_28_ppc64le.whl", hash = "sha256:75eab1ebe4f2f64d9509b984f9314d4aa788540368218b858dad56dc8f3e5eb9"},
    {file = "coverage-7.13.4-cp313-cp313t-manylinux_2_31_riscv64.manylinux_2_39_riscv64.whl", hash = "sha256:c35eb28c1d085eb7d8c9b3296567a1bebe03ce72962e932431b9a61f28facf26"},
    {file = "coverage-7.13.4-cp313-cp313t-musllinux_1_2_aarch64.whl", hash = "sha256:eb88b316ec33760714a4720feb2816a3a59180fd58c1985012054fa7aebee4c2"},
    {file = "coverage-7.13.4-cp313-cp313t-musllinux_1_2_i686.whl", hash = "sha256:7d41eead3cc673cbd38a4417deb7fd0b4ca26954ff7dc6078e33f6ff97bed940"},
    {file = "coverage-7.13.4-cp313-cp313t-musllinux_1_2_ppc64le.whl", hash = "sha256:fb26a934946a6afe0e326aebe0730cdff393a8bc0bbb65a2f41e30feddca399c"},
    {file = "coverage-7.13.4-cp313-cp313t-musllinux_1_2_riscv64.whl", hash = "sha256:dae88bc0fc77edaa65c14be099bd57ee140cf507e6bfdeea7938457ab387efb0"},
    {file = "coverage-7.13.4-cp313-cp313t-musllinux_1_2_x86_64.whl", hash = "sha256:845f352911777a8e722bfce168958214951e07e47e5d5d9744109fa5fe77f79b"},
    {file = "coverage-7.13.4-cp313-cp313t-win32.whl", hash = "sha256:2fa8d5f8de70688a28240de9e139fa16b153cc3cbb01c5f16d88d6505ebdadf9"},
    {file = "coverage-7.13.4-cp313-cp313t-win_amd64.whl", hash = "sha256:9351229c8c8407645840edcc277f4a2d44814d1bc34a2128c11c2a031d45a5dd"},
    {file = "coverage-7.13.4-cp313-cp313t-win_arm64.whl", hash = "sha256:30b8d0512f2dc8c8747557e8fb459d6176a2c9e5731e2b74d311c03b78451997"},
    {file = "coverage-7.13.4-cp314-cp314-macosx_10_15_x86_64.whl", hash = "sha256:300deaee342f90696ed186e3a00c71b5b3d27bffe9e827677954f4ee56969601"},
    {file = "coverage-7.13.4-cp314-cp314-macosx_11_0_arm64.whl", hash = "sha256:29e3220258d682b6226a9b0925bc563ed9a1ebcff3cad30f043eceea7eaf2689"},
    {file = "coverage-7.13.4-cp314-cp314-manylinux1_i686.manylinux_2_28_i686.manylinux_2_5_i686.whl", hash = "sha256:391ee8f19bef69210978363ca930f7328081c6a0152f1166c91f0b5fdd2a773c"},
    {file = "coverage-7.13.4-cp314-cp314-manylinux1_x86_64.manylinux_2_28_x86_64.manylinux_2_5_x86_64.whl", hash = "sha256:0dd7ab8278f0d58a0128ba2fca25824321f05d059c1441800e934ff2efa52129"},
    {file = "coverage-7.13.4-cp314-cp314-manylinux2014_aarch64.manylinux_2_17_aarch64.manylinux_2_28_aarch64.whl", hash = "sha256:78cdf0d578b15148b009ccf18c686aa4f719d887e76e6b40c38ffb61d264a552"},
    {file = "coverage-7.13.4-cp314-cp314-manylinux2014_ppc64le.manylinux_2_17_ppc64le.manylinux_2_28_ppc64le.whl", hash = "sha256:48685fee12c2eb3b27c62f2658e7ea21e9c3239cba5a8a242801a0a3f6a8c62a"},
    {file = "coverage-7.13.4-cp314-cp314-manylinux_2_31_riscv64.manylinux_2_39_riscv64.whl", hash = "sha256:4e83efc079eb39480e6346a15a1bcb3e9b04759c5202d157e1dd4303cd619356"},
    {file = "coverage-7.13.4-cp314-cp314-musllinux_1_2_aarch64.whl", hash = "sha256:ecae9737b72408d6a950f7e525f30aca12d4bd8dd95e37342e5beb3a2a8c4f71"},
    {file = "coverage-7.13.4-cp314-cp314-musllinux_1_2_i686.whl", hash = "sha256:ae4578f8528569d3cf303fef2ea569c7f4c4059a38c8667ccef15c6e1f118aa5"},
    {file = "coverage-7.13.4-cp314-cp314-musllinux_1_2_ppc64le.whl", hash = "sha256:6fdef321fdfbb30a197efa02d48fcd9981f0d8ad2ae8903ac318adc653f5df98"},
    {file = "coverage-7.13.4-cp314-cp314-musllinux_1_2_riscv64.whl", hash = "sha256:2b0f6ccf3dbe577170bebfce1318707d0e8c3650003cb4b3a9dd744575daa8b5"},
    {file = "coverage-7.13.4-cp314-cp314-musllinux_1_2_x86_64.whl", hash = "sha256:75fcd519f2a5765db3f0e391eb3b7d150cce1a771bf4c9f861aeab86c767a3c0"},
    {file = "coverage-7.13.4-cp314-cp314-win32.whl", hash = "sha256:8e798c266c378da2bd819b0677df41ab46d78065fb2a399558f3f6cae78b2fbb"},
    {file = "coverage-7.13.4-cp314-cp314-win_amd64.whl", hash = "sha256:245e37f664d89861cf2329c9afa2c1fe9e6d4e1a09d872c947e70718aeeac505"},
    {file = "coverage-7.13.4-cp314-cp314-win_arm64.whl", hash = "sha256:ad27098a189e5838900ce4c2a99f2fe42a0bf0c2093c17c69b45a71579e8d4a2"},
    {file = "coverage-7.13.4-cp314-cp314t-macosx_10_15_x86_64.whl", hash = "sha256:85480adfb35ffc32d40918aad81b89c69c9cc5661a9b8a81476d3e645321a056"},
    {file = "coverage-7.13.4-cp314-cp314t-macosx_11_0_arm64.whl", hash = "sha256:79be69cf7f3bf9b0deeeb062eab7ac7f36cd4cc4c4dd694bd28921ba4d8596cc"},
    {file = "coverage-7.13.4-cp314-cp314t-manylinux1_i686.manylinux_2_28_i686.manylinux_2_5_i686.whl", hash = "sha256:caa421e2684e382c5d8973ac55e4f36bed6821a9bad5c953494de960c74595c9"},
    {file = "coverage-7.13.4-cp314-cp314t-manylinux1_x86_64.manylinux_2_28_x86_64.manylinux_2_5_x86_64.whl", hash = "sha256:14375934243ee05f56c45393fe2ce81fe5cc503c07cee2bdf1725fb8bef3ffaf"},
    {file = "coverage-7.13.4-cp314-cp314t-manylinux2014_aarch64.manylinux_2_17_aarch64.manylinux_2_28_aarch64.whl", hash = "sha256:25a41c3104d08edb094d9db0d905ca54d0cd41c928bb6be3c4c799a54753af55"},
    {file = "coverage-7.13.4-cp314-cp314t-manylinux2014_ppc64le.manylinux_2_17_ppc64le.manylinux_2_28_ppc64le.whl", hash = "sha256:6f01afcff62bf9a08fb32b2c1d6e924236c0383c02c790732b6537269e466a72"},
    {file = "coverage-7.13.4-cp314-cp314t-manylinux_2_31_riscv64.manylinux_2_39_riscv64.whl", hash = "sha256:eb9078108fbf0bcdde37c3f4779303673c2fa1fe8f7956e68d447d0dd426d38a"},
    {file = "coverage-7.13.4-cp314-cp314t-musllinux_1_2_aarch64.whl", hash = "sha256:0e086334e8537ddd17e5f16a344777c1ab8194986ec533711cbe6c41cde841b6"},
    {file = "coverage-7.13.4-cp314-cp314t-musllinux_1_2_i686.whl", hash = "sha256:725d985c5ab621268b2edb8e50dfe57633dc69bda071abc470fed55a14935fd3"},
    {file = "coverage-7.13.4-cp314-cp314t-musllinux_1_2_ppc64le.whl", hash = "sha256:3c06f0f1337c667b971ca2f975523347e63ec5e500b9aa5882d91931cd3ef750"},
    {file = "coverage-7.13.4-cp314-cp314t-musllinux_1_2_riscv64.whl", hash = "sha256:590c0ed4bf8e85f745e6b805b2e1c457b2e33d5255dd9729743165253bc9ad39"},
    {file = "coverage-7.13.4-cp314-cp314t-musllinux_1_2_x86_64.whl", hash = "sha256:eb30bf180de3f632cd043322dad5751390e5385108b2807368997d1a92a509d0"},
    {file = "coverage-7.13.4-cp314-cp314t-win32.whl", hash = "sha256:c4240e7eded42d131a2d2c4dec70374b781b043ddc79a9de4d55ca71f8e98aea"},
    {file = "coverage-7.13.4-cp314-cp314t-win_amd64.whl", hash = "sha256:4c7d3cc01e7350f2f0f6f7036caaf5673fb56b6998889ccfe9e1c1fe75a9c932"},
    {file = "coverage-7.13.4-cp314-cp314t-win_arm64.whl", hash = "sha256:23e3f687cf945070d1c90f85db66d11e3025665d8dafa831301a0e0038f3db9b"},
    {file = "coverage-7.13.4-py3-none-any.whl", hash = "sha256:1af1641e57cf7ba1bd67d677c9abdbcd6cc2ab7da3bca7fa1e2b7e50e65f2ad0"},
    {file = "coverage-7.13.4.tar.gz", hash = "sha256:e5c8f6ed1e61a8b2dcdf31eb0b9bbf0130750ca79c1c49eb898e2ad86f5ccc91"},
]

[[package]]
name = "librt"
version = "0.8.1"
requires_python = ">=3.9"
summary = "Mypyc runtime library"
groups = ["dev"]
marker = "platform_python_implementation != \"PyPy\""
files = [
    {file = "librt-0.8.1-cp312-cp312-macosx_10_13_x86_64.whl", hash = "sha256:a28f2612ab566b17f3698b0da021ff9960610301607c9a5e8eaca62f5e1c350a"},
    {file = "librt-0.8.1-cp312-cp312-macosx_11_0_arm64.whl", hash = "sha256:60a78b694c9aee2a0f1aaeaa7d101cf713e92e8423a941d2897f4fa37908dab9"},
    {file = "librt-0.8.1-cp312-cp312-manylinux1_i686.manylinux_2_28_i686.manylinux_2_5_i686.whl", hash = "sha256:758509ea3f1eba2a57558e7e98f4659d0ea7670bff49673b0dde18a3c7e6c0eb"},
    {file = "librt-0.8.1-cp312-cp312-manylinux2014_aarch64.manylinux_2_17_aarch64.manylinux_2_28_aarch64.whl", hash = "sha256:039b9f2c506bd0ab0f8725aa5ba339c6f0cd19d3b514b50d134789809c24285d"},
    {file = "librt-0.8.1-cp312-cp312-manylinux2014_x86_64.manylinux_2_17_x86_64.manylinux_2_28_x86_64.whl", hash = "sha256:5bb54f1205a3a6ab41a6fd71dfcdcbd278670d3a90ca502a30d9da583105b6f7"},
    {file = "librt-0.8.1-cp312-cp312-manylinux_2_31_riscv64.manylinux_2_39_riscv64.whl", hash = "sha256:05bd41cdee35b0c59c259f870f6da532a2c5ca57db95b5f23689fcb5c9e42440"},
    {file = "librt-0.8.1-cp312-cp312-musllinux_1_2_aarch64.whl", hash = "sha256:adfab487facf03f0d0857b8710cf82d0704a309d8ffc33b03d9302b4c64e91a9"},
    {file = "librt-0.8.1-cp312-cp312-musllinux_1_2_i686.whl", hash = "sha256:153188fe98a72f206042be10a2c6026139852805215ed9539186312d50a8e972"},
    {file = "librt-0.8.1-cp312-cp312-musllinux_1_2_riscv64.whl", hash = "sha256:dd3c41254ee98604b08bd5b3af5bf0a89740d4ee0711de95b65166bf44091921"},
    {file = "librt-0.8.1-cp312-cp312-musllinux_1_2_x86_64.whl", hash = "sha256:e0d138c7ae532908cbb342162b2611dbd4d90c941cd25ab82084aaf71d2c0bd0"},
    {file = "librt-0.8.1-cp312-cp312-win32.whl", hash = "sha256:43353b943613c5d9c49a25aaffdba46f888ec354e71e3529a00cca3f04d66a7a"},
    {file = "librt-0.8.1-cp312-cp312-win_amd64.whl", hash = "sha256:ff8baf1f8d3f4b6b7257fcb75a501f2a5499d0dda57645baa09d4d0d34b19444"},
    {file = "librt-0.8.1-cp312-cp312-win_arm64.whl", hash = "sha256:0f2ae3725904f7377e11cc37722d5d401e8b3d5851fb9273d7f4fe04f6b3d37d"},
    {file = "librt-0.8.1-cp313-cp313-macosx_10_13_x86_64.whl", hash = "sha256:7e6bad1cd94f6764e1e21950542f818a09316645337fd5ab9a7acc45d99a8f35"},
    {file = "librt-0.8.1-cp313-cp313-macosx_11_0_arm64.whl", hash = "sha256:cf450f498c30af55551ba4f66b9123b7185362ec8b625a773b3d39aa1a717583"},
    {file = "librt-0.8.1-cp313-cp313-manylinux1_i686.manylinux_2_28_i686.manylinux_2_5_i686.whl", hash = "sha256:eca45e982fa074090057132e30585a7e8674e9e885d402eae85633e9f449ce6c"},
    {file = "librt-0.8.1-cp313-cp313-manylinux2014_aarch64.manylinux_2_17_aarch64.manylinux_2_28_aarch64.whl", hash = "sha256:0c3811485fccfda840861905b8c70bba5ec094e02825598bb9d4ca3936857a04"},
    {file = "librt-0.8.1-cp313-cp313-manylinux2014_x86_64.manylinux_2_17_x86_64.manylinux_2_28_x86_64.whl", hash = "sha256:5e4af413908f77294605e28cfd98063f54b2c790561383971d2f52d113d9c363"},
    {file = "librt-0.8.1-cp313-cp313-manylinux_2_31_riscv64.manylinux_2_39_riscv64.whl", hash = "sha256:5212a5bd7fae98dae95710032902edcd2ec4dc994e883294f75c857b83f9aba0"},
    {file = "librt-0.8.1-cp313-cp313-musllinux_1_2_aarch64.whl", hash = "sha256:e692aa2d1d604e6ca12d35e51fdc36f4cda6345e28e36374579f7ef3611b3012"},
    {file = "librt-0.8.1-cp313-cp313-musllinux_1_2_i686.whl", hash = "sha256:4be2a5c926b9770c9e08e717f05737a269b9d0ebc5d2f0060f0fe3fe9ce47acb"},
    {file = "librt-0.8.1-cp313-cp313-musllinux_1_2_riscv64.whl", hash = "sha256:fd1a720332ea335ceb544cf0a03f81df92abd4bb887679fd1e460976b0e6214b"},
    {file = "librt-0.8.1-cp313-cp313-musllinux_1_2_x86_64.whl", hash = "sha256:93c2af9e01e0ef80d95ae3c720be101227edae5f2fe7e3dc63d8857fadfc5a1d"},
    {file = "librt-0.8.1-cp313-cp313-win32.whl", hash = "sha256:086a32dbb71336627e78cc1d6ee305a68d038ef7d4c39aaff41ae8c9aa46e91a"},
    {file = "librt-0.8.1-cp313-cp313-win_amd64.whl", hash = "sha256:e11769a1dbda4da7b00a76cfffa67aa47cfa66921d2724539eee4b9ede780b79"},
    {file = "librt-0.8.1-cp313-cp313-win_arm64.whl", hash = "sha256:924817ab3141aca17893386ee13261f1d100d1ef410d70afe4389f2359fea4f0"},
    {file = "librt-0.8.1-cp314-cp314-macosx_10_13_x86_64.whl", hash = "sha256:6cfa7fe54fd4d1f47130017351a959fe5804bda7a0bc7e07a2cdbc3fdd28d34f"},
    {file = "librt-0.8.1-cp314-cp314-macosx_11_0_arm64.whl", hash = "sha256:228c2409c079f8c11fb2e5d7b277077f694cb93443eb760e00b3b83cb8b3176c"},
    {file = "librt-0.8.1-cp314-cp314-manylinux1_i686.manylinux_2_28_i686.manylinux_2_5_i686.whl", hash = "sha256:7aae78ab5e3206181780e56912d1b9bb9f90a7249ce12f0e8bf531d0462dd0fc"},
    {file = "librt-0.8.1-cp314-cp314-manylinux2014_aarch64.manylinux_2_17_aarch64.manylinux_2_28_aarch64.whl", hash = "sha256:172d57ec04346b047ca6af181e1ea4858086c80bdf455f61994c4aa6fc3f866c"},
    {file = "librt-0.8.1-cp314-cp314-manylinux2014_x86_64.manylinux_2_17_x86_64.manylinux_2_28_x86_64.whl", hash = "sha256:6b1977c4ea97ce5eb7755a78fae68d87e4102e4aaf54985e8b56806849cc06a3"},
    {file = "librt-0.8.1-cp314-cp314-manylinux_2_31_riscv64.manylinux_2_39_riscv64.whl", hash = "sha256:10c42e1f6fd06733ef65ae7bebce2872bcafd8d6e6b0a08fe0a05a23b044fb14"},
    {file = "librt-0.8.1-cp314-cp314-musllinux_1_2_aarch64.whl", hash = "sha256:4c8dfa264b9193c4ee19113c985c95f876fae5e51f731494fc4e0cf594990ba7"},
    {file = "librt-0.8.1-cp314-cp314-musllinux_1_2_i686.whl", hash = "sha256:01170b6729a438f0dedc4a26ed342e3dc4f02d1000b4b19f980e1877f0c297e6"},
    {file = "librt-0.8.1-cp314-cp314-musllinux_1_2_riscv64.whl", hash = "sha256:7b02679a0d783bdae30d443025b94465d8c3dc512f32f5b5031f93f57ac32071"},
    {file = "librt-0.8.1-cp314-cp314-musllinux_1_2_x86_64.whl", hash = "sha256:190b109bb69592a3401fe1ffdea41a2e73370ace2ffdc4a0e8e2b39cdea81b78"},
    {file = "librt-0.8.1-cp314-cp314-win32.whl", hash = "sha256:e70a57ecf89a0f64c24e37f38d3fe217a58169d2fe6ed6d70554964042474023"},
    {file = "librt-0.8.1-cp314-cp314-win_amd64.whl", hash = "sha256:7e2f3edca35664499fbb36e4770650c4bd4a08abc1f4458eab9df4ec56389730"},
    {file = "librt-0.8.1-cp314-cp314-win_arm64.whl", hash = "sha256:0d2f82168e55ddefd27c01c654ce52379c0750ddc31ee86b4b266bcf4d65f2a3"},
    {file = "librt-0.8.1-cp314-cp314t-macosx_10_13_x86_64.whl", hash = "sha256:2c74a2da57a094bd48d03fa5d196da83d2815678385d2978657499063709abe1"},
    {file = "librt-0.8.1-cp314-cp314t-macosx_11_0_arm64.whl", hash = "sha256:a355d99c4c0d8e5b770313b8b247411ed40949ca44e33e46a4789b9293a907ee"},
    {file = "librt-0.8.1-cp314-cp314t-manylinux1_i686.manylinux_2_28_i686.manylinux_2_5_i686.whl", hash = "sha256:2eb345e8b33fb748227409c9f1233d4df354d6e54091f0e8fc53acdb2ffedeb7"},
    {file = "librt-0.8.1-cp314-cp314t-manylinux2014_aarch64.manylinux_2_17_aarch64.manylinux_2_28_aarch64.whl", hash = "sha256:9be2f15e53ce4e83cc08adc29b26fb5978db62ef2a366fbdf716c8a6c8901040"},
    {file = "librt-0.8.1-cp314-cp314t-manylinux2014_x86_64.manylinux_2_17_x86_64.manylinux_2_28_x86_64.whl", hash = "sha256:785ae29c1f5c6e7c2cde2c7c0e148147f4503da3abc5d44d482068da5322fd9e"},
    {file = "librt-0.8.1-cp314-cp314t-manylinux_2_31_riscv64.manylinux_2_39_riscv64.whl", hash = "sha256:1d3a7da44baf692f0c6aeb5b2a09c5e6fc7a703bca9ffa337ddd2e2da53f7732"},
    {file = "librt-0.8.1-cp314-cp314t-musllinux_1_2_aarch64.whl", hash = "sha256:5fc48998000cbc39ec0d5311312dda93ecf92b39aaf184c5e817d5d440b29624"},
    {file = "librt-0.8.1-cp314-cp314t-musllinux_1_2_i686.whl", hash = "sha256:e96baa6820280077a78244b2e06e416480ed859bbd8e5d641cf5742919d8beb4"},
    {file = "librt-0.8.1-cp314-cp314t-musllinux_1_2_riscv64.whl", hash = "sha256:31362dbfe297b23590530007062c32c6f6176f6099646bb2c95ab1b00a57c382"},
    {file = "librt-0.8.1-cp314-cp314t-musllinux_1_2_x86_64.whl", hash = "sha256:cc3656283d11540ab0ea01978378e73e10002145117055e03722417aeab30994"},
    {file = "librt-0.8.1-cp314-cp314t-win32.whl", hash = "sha256:738f08021b3142c2918c03692608baed43bc51144c29e35807682f8070ee2a3a"},
    {file = "librt-0.8.1-cp314-cp314t-win_amd64.whl", hash = "sha256:89815a22daf9c51884fb5dbe4f1ef65ee6a146e0b6a8df05f753e2e4a9359bf4"},
    {file = "librt-0.8.1-cp314-cp314t-win_arm64.whl", hash = "sha256:bf512a71a23504ed08103a13c941f763db13fb11177beb3d9244c98c29fb4a61"},
    {file = "librt-0.8.1.tar.gz", hash = "sha256:be46a14693955b3bd96014ccbdb8339ee8c9346fbe11c1b78901b55125f14c73"},
]

[[package]]
name = "mypy"
version = "1.19.1"
requires_python = ">=3.9"
summary = "Optional static typing for Python"
groups = ["dev"]
dependencies = [
    "librt>=0.6.2; platform_python_implementation != \"PyPy\"",
    "mypy-extensions>=1.0.0",
    "pathspec>=0.9.0",
    "tomli>=1.1.0; python_version < \"3.11\"",
    "typing-extensions>=4.6.0",
]
files = [
    {file = "mypy-1.19.1-cp312-cp312-macosx_10_13_x86_64.whl", hash = "sha256:a8174a03289288c1f6c46d55cef02379b478bfbc8e358e02047487cad44c6ca1"},
    {file = "mypy-1.19.1-cp312-cp312-macosx_11_0_arm64.whl", hash = "sha256:ffcebe56eb09ff0c0885e750036a095e23793ba6c2e894e7e63f6d89ad51f22e"},
    {file = "mypy-1.19.1-cp312-cp312-manylinux2014_aarch64.manylinux_2_17_aarch64.manylinux_2_28_aarch64.whl", hash = "sha256:b64d987153888790bcdb03a6473d321820597ab8dd9243b27a92153c4fa50fd2"},
    {file = "mypy-1.19.1-cp312-cp312-manylinux2014_x86_64.manylinux_2_17_x86_64.manylinux_2_28_x86_64.whl", hash = "sha256:c35d298c2c4bba75feb2195655dfea8124d855dfd7343bf8b8c055421eaf0cf8"},
    {file = "mypy-1.19.1-cp312-cp312-musllinux_1_2_x86_64.whl", hash = "sha256:34c81968774648ab5ac09c29a375fdede03ba253f8f8287847bd480782f73a6a"},
    {file = "mypy-1.19.1-cp312-cp312-win_amd64.whl", hash = "sha256:b10e7c2cd7870ba4ad9b2d8a6102eb5ffc1f16ca35e3de6bfa390c1113029d13"},
    {file = "mypy-1.19.1-cp313-cp313-macosx_10_13_x86_64.whl", hash = "sha256:e3157c7594ff2ef1634ee058aafc56a82db665c9438fd41b390f3bde1ab12250"},
    {file = "mypy-1.19.1-cp313-cp313-macosx_11_0_arm64.whl", hash = "sha256:bdb12f69bcc02700c2b47e070238f42cb87f18c0bc1fc4cdb4fb2bc5fd7a3b8b"},
    {file = "mypy-1.19.1-cp313-cp313-manylinux2014_aarch64.manylinux_2_17_aarch64.manylinux_2_28_aarch64.whl", hash = "sha256:f859fb09d9583a985be9a493d5cfc5515b56b08f7447759a0c5deaf68d80506e"},
    {file = "mypy-1.19.1-cp313-cp313-manylinux2014_x86_64.manylinux_2_17_x86_64.manylinux_2_28_x86_64.whl", hash = "sha256:c9a6538e0415310aad77cb94004ca6482330fece18036b5f360b62c45814c4ef"},
    {file = "mypy-1.19.1-cp313-cp313-musllinux_1_2_x86_64.whl", hash = "sha256:da4869fc5e7f62a88f3fe0b5c919d1d9f7ea3cef92d3689de2823fd27e40aa75"},
    {file = "mypy-1.19.1-cp313-cp313-win_amd64.whl", hash = "sha256:016f2246209095e8eda7538944daa1d60e1e8134d98983b9fc1e92c1fc0cb8dd"},
    {file = "mypy-1.19.1-cp314-cp314-macosx_10_15_x86_64.whl", hash = "sha256:06e6170bd5836770e8104c8fdd58e5e725cfeb309f0a6c681a811f557e97eac1"},
    {file = "mypy-1.19.1-cp314-cp314-macosx_11_0_arm64.whl", hash = "sha256:804bd67b8054a85447c8954215a906d6eff9cabeabe493fb6334b24f4bfff718"},
    {file = "mypy-1.19.1-cp314-cp314-manylinux2014_aarch64.manylinux_2_17_aarch64.manylinux_2_28_aarch64.whl", hash = "sha256:21761006a7f497cb0d4de3d8ef4ca70532256688b0523eee02baf9eec895e27b"},
    {file = "mypy-1.19.1-cp314-cp314-manylinux2014_x86_64.manylinux_2_17_x86_64.manylinux_2_28_x86_64.whl", hash = "sha256:28902ee51f12e0f19e1e16fbe2f8f06b6637f482c459dd393efddd0ec7f82045"},
    {file = "mypy-1.19.1-cp314-cp314-musllinux_1_2_x86_64.whl", hash = "sha256:481daf36a4c443332e2ae9c137dfee878fcea781a2e3f895d54bd3002a900957"},
    {file = "mypy-1.19.1-cp314-cp314-win_amd64.whl", hash = "sha256:8bb5c6f6d043655e055be9b542aa5f3bdd30e4f3589163e85f93f3640060509f"},
    {file = "mypy-1.19.1-py3-none-any.whl", hash = "sha256:f1235f5ea01b7db5468d53ece6aaddf1ad0b88d9e7462b86ef96fe04995d7247"},
    {file = "mypy-1.19.1.tar.gz", hash = "sha256:19d88bb05303fe63f71dd2c6270daca27cb9401c4ca8255fe50d1d920e0eb9ba"},
]

[[package]]
name = "mypy-extensions"
version = "1.1.0"
requires_python = ">=3.8"
summary = "Type system extensions for programs checked with the mypy type checker."
groups = ["dev"]
files = [
    {file = "mypy_extensions-1.1.0-py3-none-any.whl", hash = "sha256:1be4cccdb0f2482337c4743e60421de3a356cd97508abadd57d47403e94f5505"},
    {file = "mypy_extensions-1.1.0.tar.gz", hash = "sha256:52e68efc3284861e772bbcd66823fde5ae21fd2fdb51c62a211403730b916558"},
]

[[package]]
name = "pathspec"
version = "1.0.4"
requires_python = ">=3.9"
summary = "Utility library for gitignore style pattern matching of file paths."
groups = ["dev"]
files = [
    {file = "pathspec-1.0.4-py3-none-any.whl", hash = "sha256:fb6ae2fd4e7c921a165808a552060e722767cfa526f99ca5156ed2ce45a5c723"},
    {file = "pathspec-1.0.4.tar.gz", hash = "sha256:0210e2ae8a21a9137c0d470578cb0e595af87edaa6ebf12ff176f14a02e0e645"},
]

[[package]]
name = "pillow"
version = "12.1.1"
requires_python = ">=3.10"
summary = "Python Imaging Library (fork)"
groups = ["default"]
files = [
    {file = "pillow-12.1.1-cp312-cp312-macosx_10_13_x86_64.whl", hash = "sha256:ab323b787d6e18b3d91a72fc99b1a2c28651e4358749842b8f8dfacd28ef2052"},
    {file = "pillow-12.1.1-cp312-cp312-macosx_11_0_arm64.whl", hash = "sha256:adebb5bee0f0af4909c30db0d890c773d1a92ffe83da908e2e9e720f8edf3984"},
    {file = "pillow-12.1.1-cp312-cp312-manylinux2014_aarch64.manylinux_2_17_aarch64.whl", hash = "sha256:bb66b7cc26f50977108790e2456b7921e773f23db5630261102233eb355a3b79"},
    {file = "pillow-12.1.1-cp312-cp312-manylinux2014_x86_64.manylinux_2_17_x86_64.whl", hash = "sha256:aee2810642b2898bb187ced9b349e95d2a7272930796e022efaf12e99dccd293"},
    {file = "pillow-12.1.1-cp312-cp312-manylinux_2_27_aarch64.manylinux_2_28_aarch64.whl", hash = "sha256:a0b1cd6232e2b618adcc54d9882e4e662a089d5768cd188f7c245b4c8c44a397"},
    {file = "pillow-12.1.1-cp312-cp312-manylinux_2_27_x86_64.manylinux_2_28_x86_64.whl", hash = "sha256:7aac39bcf8d4770d089588a2e1dd111cbaa42df5a94be3114222057d68336bd0"},
    {file = "pillow-12.1.1-cp312-cp312-musllinux_1_2_aarch64.whl", hash = "sha256:ab174cd7d29a62dd139c44bf74b698039328f45cb03b4596c43473a46656b2f3"},
    {file = "pillow-12.1.1-cp312-cp312-musllinux_1_2_x86_64.whl", hash = "sha256:339ffdcb7cbeaa08221cd401d517d4b1fe7a9ed5d400e4a8039719238620ca35"},
    {file = "pillow-12.1.1-cp312-cp312-win32.whl", hash = "sha256:5d1f9575a12bed9e9eedd9a4972834b08c97a352bd17955ccdebfeca5913fa0a"},
    {file = "pillow-12.1.1-cp312-cp312-win_amd64.whl", hash = "sha256:21329ec8c96c6e979cd0dfd29406c40c1d52521a90544463057d2aaa937d66a6"},
    {file = "pillow-12.1.1-cp312-cp312-win_arm64.whl", hash = "sha256:af9a332e572978f0218686636610555ae3defd1633597be015ed50289a03c523"},
    {file = "pillow-12.1.1-cp313-cp313-ios_13_0_arm64_iphoneos.whl", hash = "sha256:d242e8ac078781f1de88bf823d70c1a9b3c7950a44cdf4b7c012e22ccbcd8e4e"},
    {file = "pillow-12.1.1-cp313-cp313-ios_13_0_arm64_iphonesimulator.whl", hash = "sha256:02f84dfad02693676692746df05b89cf25597560db2857363a208e393429f5e9"},
    {file = "pillow-12.1.1-cp313-cp313-ios_13_0_x86_64_iphonesimulator.whl", hash = "sha256:e65498daf4b583091ccbb2556c7000abf0f3349fcd57ef7adc9a84a394ed29f6"},
    {file = "pillow-12.1.1-cp313-cp313-macosx_10_13_x86_64.whl", hash = "sha256:6c6db3b84c87d48d0088943bf33440e0c42370b99b1c2a7989216f7b42eede60"},
    {file = "pillow-12.1.1-cp313-cp313-macosx_11_0_arm64.whl", hash = "sha256:8b7e5304e34942bf62e15184219a7b5ad4ff7f3bb5cca4d984f37df1a0e1aee2"},
    {file = "pillow-12.1.1-cp313-cp313-manylinux2014_aarch64.manylinux_2_17_aarch64.whl", hash = "sha256:18e5bddd742a44b7e6b1e773ab5db102bd7a94c32555ba656e76d319d19c3850"},
    {file = "pillow-12.1.1-cp313-cp313-manylinux2014_x86_64.manylinux_2_17_x86_64.whl", hash = "sha256:fc44ef1f3de4f45b50ccf9136999d71abb99dca7706bc75d222ed350b9fd2289"},
    {file = "pillow-12.1.1-cp313-cp313-manylinux_2_27_aarch64.manylinux_2_28_aarch64.whl", hash = "sha256:5a8eb7ed8d4198bccbd07058416eeec51686b498e784eda166395a23eb99138e"},
    {file = "pillow-12.1.1-cp313-cp313-manylinux_2_27_x86_64.manylinux_2_28_x86_64.whl", hash = "sha256:47b94983da0c642de92ced1702c5b6c292a84bd3a8e1d1702ff923f183594717"},
    {file = "pillow-12.1.1-cp313-cp313-musllinux_1_2_aarch64.whl", hash = "sha256:518a48c2aab7ce596d3bf79d0e275661b846e86e4d0e7dec34712c30fe07f02a"},
    {file = "pillow-12.1.1-cp313-cp313-musllinux_1_2_x86_64.whl", hash = "sha256:a550ae29b95c6dc13cf69e2c9dc5747f814c54eeb2e32d683e5e93af56caa029"},
    {file = "pillow-12.1.1-cp313-cp313-win32.whl", hash = "sha256:a003d7422449f6d1e3a34e3dd4110c22148336918ddbfc6a32581cd54b2e0b2b"},
    {file = "pillow-12.1.1-cp313-cp313-win_amd64.whl", hash = "sha256:344cf1e3dab3be4b1fa08e449323d98a2a3f819ad20f4b22e77a0ede31f0faa1"},
    {file = "pillow-12.1.1-cp313-cp313-win_arm64.whl", hash = "sha256:5c0dd1636633e7e6a0afe7bf6a51a14992b7f8e60de5789018ebbdfae55b040a"},
    {file = "pillow-12.1.1-cp313-cp313t-macosx_10_13_x86_64.whl", hash = "sha256:0330d233c1a0ead844fc097a7d16c0abff4c12e856c0b325f231820fee1f39da"},
    {file = "pillow-12.1.1-cp313-cp313t-macosx_11_0_arm64.whl", hash = "sha256:5dae5f21afb91322f2ff791895ddd8889e5e947ff59f71b46041c8ce6db790bc"},
    {file = "pillow-12.1.1-cp313-cp313t-manylinux2014_aarch64.manylinux_2_17_aarch64.whl", hash = "sha256:2e0c664be47252947d870ac0d327fea7e63985a08794758aa8af5b6cb6ec0c9c"},
    {file = "pillow-12.1.1-cp313-cp313t-manylinux2014_x86_64.manylinux_2_17_x86_64.whl", hash = "sha256:691ab2ac363b8217f7d31b3497108fb1f50faab2f75dfb03284ec2f217e87bf8"},
    {file = "pillow-12.1.1-cp313-cp313t-manylinux_2_27_aarch64.manylinux_2_28_aarch64.whl", hash = "sha256:e9e8064fb1cc019296958595f6db671fba95209e3ceb0c4734c9baf97de04b20"},
    {file = "pillow-12.1.1-cp313-cp313t-manylinux_2_27_x86_64.manylinux_2_28_x86_64.whl", hash = "sha256:472a8d7ded663e6162dafdf20015c486a7009483ca671cece7a9279b512fcb13"},
    {file = "pillow-12.1.1-cp313-cp313t-musllinux_1_2_aarch64.whl", hash = "sha256:89b54027a766529136a06cfebeecb3a04900397a3590fd252160b888479517bf"},
    {file = "pillow-12.1.1-cp313-cp313t-musllinux_1_2_x86_64.whl", hash = "sha256:86172b0831b82ce4f7877f280055892b31179e1576aa00d0df3bb1bbf8c3e524"},
    {file = "pillow-12.1.1-cp313-cp313t-win32.whl", hash = "sha256:44ce27545b6efcf0fdbdceb31c9a5bdea9333e664cda58a7e674bb74608b3986"},
    {file = "pillow-12.1.1-cp313-cp313t-win_amd64.whl", hash = "sha256:a285e3eb7a5a45a2ff504e31f4a8d1b12ef62e84e5411c6804a42197c1cf586c"},
    {file = "pillow-12.1.1-cp313-cp313t-win_arm64.whl", hash = "sha256:cc7d296b5ea4d29e6570dabeaed58d31c3fea35a633a69679fb03d7664f43fb3"},
    {file = "pillow-12.1.1-cp314-cp314-ios_13_0_arm64_iphoneos.whl", hash = "sha256:417423db963cb4be8bac3fc1204fe61610f6abeed1580a7a2cbb2fbda20f12af"},
    {file = "pillow-12.1.1-cp314-cp314-ios_13_0_arm64_iphonesimulator.whl", hash = "sha256:b957b71c6b2387610f556a7eb0828afbe40b4a98036fc0d2acfa5a44a0c2036f"},
    {file = "pillow-12.1.1-cp314-cp314-ios_13_0_x86_64_iphonesimulator.whl", hash = "sha256:097690ba1f2efdeb165a20469d59d8bb03c55fb6621eb2041a060ae8ea3e9642"},
    {file = "pillow-12.1.1-cp314-cp314-macosx_10_15_x86_64.whl", hash = "sha256:2815a87ab27848db0321fb78c7f0b2c8649dee134b7f2b80c6a45c6831d75ccd"},
    {file = "pillow-12.1.1-cp314-cp314-macosx_11_0_arm64.whl", hash = "sha256:f7ed2c6543bad5a7d5530eb9e78c53132f93dfa44a28492db88b41cdab885202"},
    {file = "pillow-12.1.1-cp314-cp314-manylinux2014_aarch64.manylinux_2_17_aarch64.whl", hash = "sha256:652a2c9ccfb556235b2b501a3a7cf3742148cd22e04b5625c5fe057ea3e3191f"},
    {file = "pillow-12.1.1-cp314-cp314-manylinux2014_x86_64.manylinux_2_17_x86_64.whl", hash = "sha256:d6e4571eedf43af33d0fc233a382a76e849badbccdf1ac438841308652a08e1f"},
    {file = "pillow-12.1.1-cp314-cp314-manylinux_2_27_aarch64.manylinux_2_28_aarch64.whl", hash = "sha256:b574c51cf7d5d62e9be37ba446224b59a2da26dc4c1bb2ecbe936a4fb1a7cb7f"},
    {file = "pillow-12.1.1-cp314-cp314-manylinux_2_27_x86_64.manylinux_2_28_x86_64.whl", hash = "sha256:a37691702ed687799de29a518d63d4682d9016932db66d4e90c345831b02fb4e"},
    {file = "pillow-12.1.1-cp314-cp314-musllinux_1_2_aarch64.whl", hash = "sha256:f95c00d5d6700b2b890479664a06e754974848afaae5e21beb4d83c106923fd0"},
    {file = "pillow-12.1.1-cp314-cp314-musllinux_1_2_x86_64.whl", hash = "sha256:559b38da23606e68681337ad74622c4dbba02254fc9cb4488a305dd5975c7eeb"},
    {file = "pillow-12.1.1-cp314-cp314-win32.whl", hash = "sha256:03edcc34d688572014ff223c125a3f77fb08091e4607e7745002fc214070b35f"},
    {file = "pillow-12.1.1-cp314-cp314-win_amd64.whl", hash = "sha256:50480dcd74fa63b8e78235957d302d98d98d82ccbfac4c7e12108ba9ecbdba15"},
    {file = "pillow-12.1.1-cp314-cp314-win_arm64.whl", hash = "sha256:5cb1785d97b0c3d1d1a16bc1d710c4a0049daefc4935f3a8f31f827f4d3d2e7f"},
    {file = "pillow-12.1.1-cp314-cp314t-macosx_10_15_x86_64.whl", hash = "sha256:1f90cff8aa76835cba5769f0b3121a22bd4eb9e6884cfe338216e557a9a548b8"},
    {file = "pillow-12.1.1-cp314-cp314t-macosx_11_0_arm64.whl", hash = "sha256:1f1be78ce9466a7ee64bfda57bdba0f7cc499d9794d518b854816c41bf0aa4e9"},
    {file = "pillow-12.1.1-cp314-cp314t-manylinux2014_aarch64.manylinux_2_17_aarch64.whl", hash = "sha256:42fc1f4677106188ad9a55562bbade416f8b55456f522430fadab3cef7cd4e60"},
    {file = "pillow-12.1.1-cp314-cp314t-manylinux2014_x86_64.manylinux_2_17_x86_64.whl", hash = "sha256:98edb152429ab62a1818039744d8fbb3ccab98a7c29fc3d5fcef158f3f1f68b7"},
    {file = "pillow-12.1.1-cp314-cp314t-manylinux_2_27_aarch64.manylinux_2_28_aarch64.whl", hash = "sha256:d470ab1178551dd17fdba0fef463359c41aaa613cdcd7ff8373f54be629f9f8f"},
    {file = "pillow-12.1.1-cp314-cp314t-manylinux_2_27_x86_64.manylinux_2_28_x86_64.whl", hash = "sha256:6408a7b064595afcab0a49393a413732a35788f2a5092fdc6266952ed67de586"},
    {file = "pillow-12.1.1-cp314-cp314t-musllinux_1_2_aarch64.whl", hash = "sha256:5d8c41325b382c07799a3682c1c258469ea2ff97103c53717b7893862d0c98ce"},
    {file = "pillow-12.1.1-cp314-cp314t-musllinux_1_2_x86_64.whl", hash = "sha256:c7697918b5be27424e9ce568193efd13d925c4481dd364e43f5dff72d33e10f8"},
    {file = "pillow-12.1.1-cp314-cp314t-win32.whl", hash = "sha256:d2912fd8114fc5545aa3a4b5576512f64c55a03f3ebcca4c10194d593d43ea36"},
    {file = "pillow-12.1.1-cp314-cp314t-win_amd64.whl", hash = "sha256:4ceb838d4bd9dab43e06c363cab2eebf63846d6a4aeaea283bbdfd8f1a8ed58b"},
    {file = "pillow-12.1.1-cp314-cp314t-win_arm64.whl", hash = "sha256:7b03048319bfc6170e93bd60728a1af51d3dd7704935feb228c4d4faab35d334"},
    {file = "pillow-12.1.1.tar.gz", hash = "sha256:9ad8fa5937ab05218e2b6a4cff30295ad35afd2f83ac592e68c0d871bb0fdbc4"},
]

[[package]]
name = "pypdf"
version = "6.7.2"
requires_python = ">=3.9"
summary = "A pure-python PDF library capable of splitting, merging, cropping, and transforming PDF files"
groups = ["default"]
dependencies = [
    "typing-extensions>=4.0; python_version < \"3.11\"",
]
files = [
    {file = "pypdf-6.7.2-py3-none-any.whl", hash = "sha256:331b63cd66f63138f152a700565b3e0cebdf4ec8bec3b7594b2522418782f1f3"},
    {file = "pypdf-6.7.2.tar.gz", hash = "sha256:82a1a48de500ceea59a52a7d979f5095927ef802e4e4fac25ab862a73468acbb"},
]

[[package]]
name = "pyproject-fmt"
version = "2.16.2"
requires_python = ">=3.10"
summary = "Format your pyproject.toml file"
groups = ["dev"]
dependencies = [
    "toml-fmt-common",
]
files = [
    {file = "pyproject_fmt-2.16.2-cp39-abi3-macosx_10_12_x86_64.whl", hash = "sha256:980c1f2ab7083fde186d53bf735a50e8bc48c7dc12d5d22a3eb7286f8569f626"},
    {file = "pyproject_fmt-2.16.2-cp39-abi3-macosx_11_0_arm64.whl", hash = "sha256:42892130be2f632cc47ebf18761b59e2155a71296fa584629f692dcd09c75583"},
    {file = "pyproject_fmt-2.16.2-cp39-abi3-manylinux_2_28_aarch64.whl", hash = "sha256:b8097bf99f11acc4fb8b9994f44d5080df36db2c2520416833ea893c1a46e210"},
    {file = "pyproject_fmt-2.16.2-cp39-abi3-manylinux_2_28_x86_64.whl", hash = "sha256:ccbcbf69847da8c3a46aa7b0e228a647ff06d2dd13ce7831fb1eba1c20297945"},
    {file = "pyproject_fmt-2.16.2-cp39-abi3-manylinux_2_31_riscv64.whl", hash = "sha256:172ce2fdd206b7fa0d63aaf1f03d006a7ff76547c4a4b68b0413d6e1cc4061d1"},
    {file = "pyproject_fmt-2.16.2-cp39-abi3-musllinux_1_2_x86_64.whl", hash = "sha256:6996a361826670b7322746f0c93c362460c8392044750d94b8a3b1af55a5a68c"},
    {file = "pyproject_fmt-2.16.2-cp39-abi3-win_amd64.whl", hash = "sha256:c13aa437c27c2317719424d692289e57085af2e1a3dd79f060c9cef75c43b57a"},
    {file = "pyproject_fmt-2.16.2.tar.gz", hash = "sha256:c4e1a3dbb2940df420535a85be992a28a28a51f08a5618c82bd33bfe85bc0c77"},
]

[[package]]
name = "pyside6-essentials"
version = "6.10.2"
requires_python = "<3.15,>=3.9"
summary = "Python bindings for the Qt cross-platform application and UI framework (Essentials)"
groups = ["default"]
dependencies = [
    "shiboken6==6.10.2",
]
files = [
    {file = "pyside6_essentials-6.10.2-cp39-abi3-macosx_13_0_universal2.whl", hash = "sha256:1dee2cb9803ff135f881dadeb5c0edcef793d1ec4f8a9140a1348cecb71074e1"},
    {file = "pyside6_essentials-6.10.2-cp39-abi3-manylinux_2_34_x86_64.whl", hash = "sha256:660aea45bfa36f1e06f799b934c2a7df963bd31abc5083e8bb8a5bfaef45686b"},
    {file = "pyside6_essentials-6.10.2-cp39-abi3-manylinux_2_39_aarch64.whl", hash = "sha256:c2b028e4c6f8047a02c31f373408e23b4eedfd405f56c6aba8d0525c29472835"},
    {file = "pyside6_essentials-6.10.2-cp39-abi3-win_amd64.whl", hash = "sha256:0741018c2b6395038cad4c41775cfae3f13a409e87995ac9f7d89e5b1fb6b22a"},
    {file = "pyside6_essentials-6.10.2-cp39-abi3-win_arm64.whl", hash = "sha256:db5f4913648bb6afddb8b347edae151ee2378f12bceb03c8b2515a530a4b38d9"},
]

[[package]]
name = "ruff"
version = "0.15.2"
requires_python = ">=3.7"
summary = "An extremely fast Python linter and code formatter, written in Rust."
groups = ["dev"]
files = [
    {file = "ruff-0.15.2-py3-none-linux_armv6l.whl", hash = "sha256:120691a6fdae2f16d65435648160f5b81a9625288f75544dc40637436b5d3c0d"},
    {file = "ruff-0.15.2-py3-none-macosx_10_12_x86_64.whl", hash = "sha256:a89056d831256099658b6bba4037ac6dd06f49d194199215befe2bb10457ea5e"},
    {file = "ruff-0.15.2-py3-none-macosx_11_0_arm64.whl", hash = "sha256:e36dee3a64be0ebd23c86ffa3aa3fd3ac9a712ff295e192243f814a830b6bd87"},
    {file = "ruff-0.15.2-py3-none-manylinux_2_17_aarch64.manylinux2014_aarch64.whl", hash = "sha256:a9fb47b6d9764677f8c0a193c0943ce9a05d6763523f132325af8a858eadc2b9"},
    {file = "ruff-0.15.2-py3-none-manylinux_2_17_armv7l.manylinux2014_armv7l.whl", hash = "sha256:f376990f9d0d6442ea9014b19621d8f2aaf2b8e39fdbfc79220b7f0c596c9b80"},
    {file = "ruff-0.15.2-py3-none-manylinux_2_17_i686.manylinux2014_i686.whl", hash = "sha256:2dcc987551952d73cbf5c88d9fdee815618d497e4df86cd4c4824cc59d5dd75f"},
    {file = "ruff-0.15.2-py3-none-manylinux_2_17_ppc64le.manylinux2014_ppc64le.whl", hash = "sha256:42a47fd785cbe8c01b9ff45031af875d101b040ad8f4de7bbb716487c74c9a77"},
    {file = "ruff-0.15.2-py3-none-manylinux_2_17_s390x.manylinux2014_s390x.whl", hash = "sha256:cbe9f49354866e575b4c6943856989f966421870e85cd2ac94dccb0a9dcb2fea"},
    {file = "ruff-0.15.2-py3-none-manylinux_2_17_x86_64.manylinux2014_x86_64.whl", hash = "sha256:b7a672c82b5f9887576087d97be5ce439f04bbaf548ee987b92d3a7dede41d3a"},
    {file = "ruff-0.15.2-py3-none-manylinux_2_31_riscv64.whl", hash = "sha256:72ecc64f46f7019e2bcc3cdc05d4a7da958b629a5ab7033195e11a438403d956"},
    {file = "ruff-0.15.2-py3-none-musllinux_1_2_aarch64.whl", hash = "sha256:8dcf243b15b561c655c1ef2f2b0050e5d50db37fe90115507f6ff37d865dc8b4"},
    {file = "ruff-0.15.2-py3-none-musllinux_1_2_armv7l.whl", hash = "sha256:dab6941c862c05739774677c6273166d2510d254dac0695c0e3f5efa1b5585de"},
    {file = "ruff-0.15.2-py3-none-musllinux_1_2_i686.whl", hash = "sha256:1b9164f57fc36058e9a6806eb92af185b0697c9fe4c7c52caa431c6554521e5c"},
    {file = "ruff-0.15.2-py3-none-musllinux_1_2_x86_64.whl", hash = "sha256:80d24fcae24d42659db7e335b9e1531697a7102c19185b8dc4a028b952865fd8"},
    {file = "ruff-0.15.2-py3-none-win32.whl", hash = "sha256:fd5ff9e5f519a7e1bd99cbe8daa324010a74f5e2ebc97c6242c08f26f3714f6f"},
    {file = "ruff-0.15.2-py3-none-win_amd64.whl", hash = "sha256:d20014e3dfa400f3ff84830dfb5755ece2de45ab62ecea4af6b7262d0fb4f7c5"},
    {file = "ruff-0.15.2-py3-none-win_arm64.whl", hash = "sha256:cabddc5822acdc8f7b5527b36ceac55cc51eec7b1946e60181de8fe83ca8876e"},
    {file = "ruff-0.15.2.tar.gz", hash = "sha256:14b965afee0969e68bb871eba625343b8673375f457af4abe98553e8bbb98342"},
]

[[package]]
name = "sdbus"
version = "0.14.2"
requires_python = ">=3.9"
summary = "Modern Python D-Bus library. Based on sd-bus from libsystemd."
groups = ["default"]
files = [
    {file = "sdbus-0.14.2-cp39-abi3-manylinux_2_28_aarch64.whl", hash = "sha256:fbed8db91668ad537089c42a71d30e2472faa2e6616a461441ab0d51344a461c"},
    {file = "sdbus-0.14.2-cp39-abi3-manylinux_2_28_armv7l.whl", hash = "sha256:019871c00d9c2eeb5b40c3f3c94ff1d6579a49e245d6ecaf3bd9e245c4b248bc"},
    {file = "sdbus-0.14.2-cp39-abi3-manylinux_2_28_x86_64.whl", hash = "sha256:8a64bbb6280104efeb24a9632a9ebd5504e9c9c1349594142bbe50e734f16c83"},
    {file = "sdbus-0.14.2.tar.gz", hash = "sha256:4f5d13b196e1e1de35311ebb2563a32de791451a30f5b9a4894528ba98766412"},
]

[[package]]
name = "sdbus-notifications"
version = "1.0.3"
requires_python = ">=3.7"
summary = "Freedesktop notifications binds for sdbus."
groups = ["default"]
dependencies = [
    "sdbus>=0.8rc2",
]
files = [
    {file = "sdbus_notifications-1.0.3-py3-none-any.whl", hash = "sha256:4227dd20f78b54b01084982cdcb8ab276b1c63763b61070309a6573db2d05eb5"},
    {file = "sdbus_notifications-1.0.3.tar.gz", hash = "sha256:92c301b8232832efc50c8c1d8789dedf83ce8fd55c1bc52d2befbeedfedfebc3"},
]

[[package]]
name = "shiboken6"
version = "6.10.2"
requires_python = "<3.15,>=3.9"
summary = "Python/C++ bindings helper module"
groups = ["default"]
files = [
    {file = "shiboken6-6.10.2-cp39-abi3-macosx_13_0_universal2.whl", hash = "sha256:3bd4e94e9a3c8c1fa8362fd752d399ef39265d5264e4e37bae61cdaa2a00c8c7"},
    {file = "shiboken6-6.10.2-cp39-abi3-manylinux_2_34_x86_64.whl", hash = "sha256:ace0790032d9cb0adda644b94ee28d59410180d9773643bb6cf8438c361987ad"},
    {file = "shiboken6-6.10.2-cp39-abi3-manylinux_2_39_aarch64.whl", hash = "sha256:f74d3ed1f92658077d0630c39e694eb043aeb1d830a5d275176c45d07147427f"},
    {file = "shiboken6-6.10.2-cp39-abi3-win_amd64.whl", hash = "sha256:10f3c8c5e1b8bee779346f21c10dbc14cff068f0b0b4e62420c82a6bf36ac2e7"},
    {file = "shiboken6-6.10.2-cp39-abi3-win_arm64.whl", hash = "sha256:20c671645d70835af212ee05df60361d734c5305edb2746e9875c6a31283f963"},
]

[[package]]
name = "soupsieve"
version = "2.8.3"
requires_python = ">=3.9"
summary = "A modern CSS selector implementation for Beautiful Soup."
groups = ["default"]
files = [
    {file = "soupsieve-2.8.3-py3-none-any.whl", hash = "sha256:ed64f2ba4eebeab06cc4962affce381647455978ffc1e36bb79a545b91f45a95"},
    {file = "soupsieve-2.8.3.tar.gz", hash = "sha256:3267f1eeea4251fb42728b6dfb746edc9acaffc4a45b27e19450b676586e8349"},
]

[[package]]
name = "toml-fmt-common"
version = "1.2.0"
requires_python = ">=3.10"
summary = "Common logic to the TOML formatter."
groups = ["dev"]
dependencies = [
    "tomli>=2.2.1; python_version < \"3.11\"",
]
files = [
    {file = "toml_fmt_common-1.2.0-py3-none-any.whl", hash = "sha256:f27ba0f4a3594035f3385231d23d437a49bd6ff67ec624424a677c2b304076d3"},
    {file = "toml_fmt_common-1.2.0.tar.gz", hash = "sha256:9c3630dc9409157e866b27ee0cdacf453636735b26dcf0fff385d3d2c1166698"},
]

[[package]]
name = "types-beautifulsoup4"
version = "4.12.0.20250516"
requires_python = ">=3.9"
summary = "Typing stubs for beautifulsoup4"
groups = ["dev"]
dependencies = [
    "types-html5lib",
]
files = [
    {file = "types_beautifulsoup4-4.12.0.20250516-py3-none-any.whl", hash = "sha256:5923399d4a1ba9cc8f0096fe334cc732e130269541d66261bb42ab039c0376ee"},
    {file = "types_beautifulsoup4-4.12.0.20250516.tar.gz", hash = "sha256:aa19dd73b33b70d6296adf92da8ab8a0c945c507e6fb7d5db553415cc77b417e"},
]

[[package]]
name = "types-html5lib"
version = "1.1.11.20251117"
requires_python = ">=3.9"
summary = "Typing stubs for html5lib"
groups = ["dev"]
dependencies = [
    "types-webencodings",
]
files = [
    {file = "types_html5lib-1.1.11.20251117-py3-none-any.whl", hash = "sha256:2a3fc935de788a4d2659f4535002a421e05bea5e172b649d33232e99d4272d08"},
    {file = "types_html5lib-1.1.11.20251117.tar.gz", hash = "sha256:1a6a3ac5394aa12bf547fae5d5eff91dceec46b6d07c4367d9b39a37f42f201a"},
]

[[package]]
name = "types-webencodings"
version = "0.5.0.20251108"
requires_python = ">=3.9"
summary = "Typing stubs for webencodings"
groups = ["dev"]
files = [
    {file = "types_webencodings-0.5.0.20251108-py3-none-any.whl", hash = "sha256:e21f81ff750795faffddaffd70a3d8bfff77d006f22c27e393eb7812586249d8"},
    {file = "types_webencodings-0.5.0.20251108.tar.gz", hash = "sha256:2378e2ceccced3d41bb5e21387586e7b5305e11519fc6b0659c629f23b2e5de4"},
]

[[package]]
name = "typing-extensions"
version = "4.15.0"
requires_python = ">=3.9"
summary = "Backported and Experimental Type Hints for Python 3.9+"
groups = ["default", "dev"]
files = [
    {file = "typing_extensions-4.15.0-py3-none-any.whl", hash = "sha256:f0fa19c6845758ab08074a0cfa8b7aecb71c999ca73d62883bc25cc018c4e548"},
    {file = "typing_extensions-4.15.0.tar.gz", hash = "sha256:0cea48d173cc12fa28ecabc3b837ea3cf6f38c6d1136f85cbaaf598984861466"},
]
